
Microsoft Visual Studio Solution File, Format Version 12.00
# Visual Studio 15
VisualStudioVersion = 15.0.28307.1525
MinimumVisualStudioVersion = 10.0.40219.1
Project("{8BC9CEB8-8B4A-11D0-8D11-00A0C91BC942}") = "UsbCommSim", "UsbCommSim\UsbCommSim.vcxproj", "{EC5DA701-BF32-4F2B-87CA-9D1465C34F63}"
EndProject
Global
	GlobalSection(SolutionConfigurationPlatforms) = preSolution
		Debug|x64 = Debug|x64
		Debug|x86 = Debug|x86
		Release|x64 = Release|x64
		Release|x86 = Release|x86
	EndGlobalSection
	GlobalSection(ProjectConfigurationPlatforms) = postSolution
		{EC5DA701-BF32-4F2B-87CA-9D1465C34F63}.Debug|x64.ActiveCfg = Debug|x64
		{EC5DA701-BF32-4F2B-87CA-9D1465C34F63}.Debug|x64.Build.0 = Debug|x64
		{EC5DA701-BF32-4F2B-87CA-9D1465C34F63}.Debug|x86.ActiveCfg = Debug|x64
		{EC5DA701-BF32-4F2B-87CA-9D1465C34F63}.Debug|x86.Build.0 = Debug|x64
		{EC5DA701-BF32-4F2B-87CA-9D1465C34F63}.Release|x64.ActiveCfg = Release|x64
		{EC5DA701-BF32-4F2B-87CA-9D1465C34F63}.Release|x64.Build.0 = Release|x64
		{EC5DA701-BF32-4F2B-87CA-9D1465C34F63}.Release|x86.ActiveCfg = Release|Win32
		{EC5DA701-BF32-4F2B-87CA-9D1465C34F63}.Release|x86.Build.0 = Release|Win32
	EndGlobalSection
	GlobalSection(SolutionProperties) = preSolution
		HideSolutionNode = FALSE
	EndGlobalSection
	GlobalSection(ExtensibilityGlobals) = postSolution
		SolutionGuid = {E2BD6377-2DCB-4B5F-853C-9A9A11EA38A8}
	EndGlobalSection
EndGlobal
